
Microsoft Visual Studio Solution File, Format Version 12.00
# Visual Studio 15
VisualStudioVersion = 15.0.28307.572
MinimumVisualStudioVersion = 10.0.40219.1
Project("{FAE04EC0-301F-11D3-BF4B-00C04F79EFBC}") = "Portfolio Project", "Portfolio Project\Portfolio Project.csproj", "{5A2AF983-8B3B-49DE-9ED9-1A6B91282687}"
EndProject
Global
	GlobalSection(SolutionConfigurationPlatforms) = preSolution
		Debug|Any CPU = Debug|Any CPU
		Release|Any CPU = Release|Any CPU
	EndGlobalSection
	GlobalSection(ProjectConfigurationPlatforms) = postSolution
		{5A2AF983-8B3B-49DE-9ED9-1A6B91282687}.Debug|Any CPU.ActiveCfg = Debug|Any CPU
		{5A2AF983-8B3B-49DE-9ED9-1A6B91282687}.Debug|Any CPU.Build.0 = Debug|Any CPU
		{5A2AF983-8B3B-49DE-9ED9-1A6B91282687}.Release|Any CPU.ActiveCfg = Release|Any CPU
		{5A2AF983-8B3B-49DE-9ED9-1A6B91282687}.Release|Any CPU.Build.0 = Release|Any CPU
	EndGlobalSection
	GlobalSection(SolutionProperties) = preSolution
		HideSolutionNode = FALSE
	EndGlobalSection
	GlobalSection(ExtensibilityGlobals) = postSolution
		SolutionGuid = {394C4494-389C-4233-AC8F-B34B95B745F6}
	EndGlobalSection
EndGlobal
